
Microsoft Visual Studio Solution File, Format Version 12.00
# Visual Studio 15
VisualStudioVersion = 15.0.28307.757
MinimumVisualStudioVersion = 10.0.40219.1
Project("{9A19103F-16F7-4668-BE54-9A1E7A4F7556}") = "ControleEstoqueASP", "ControleEstoqueASP\ControleEstoqueASP.csproj", "{5082D21B-D345-4909-B9F9-CE9CA5533550}"
EndProject
Project("{FAE04EC0-301F-11D3-BF4B-00C04F79EFBC}") = "Domain", "Domain\Domain.csproj", "{29DEBD93-856C-4AFE-AE91-E0D5528563FA}"
EndProject
Project("{FAE04EC0-301F-11D3-BF4B-00C04F79EFBC}") = "Repository", "Repository\Repository.csproj", "{59B53AEC-888E-4D58-AEC0-4A115CF30183}"
EndProject
Global
	GlobalSection(SolutionConfigurationPlatforms) = preSolution
		Debug|Any CPU = Debug|Any CPU
		Release|Any CPU = Release|Any CPU
	EndGlobalSection
	GlobalSection(ProjectConfigurationPlatforms) = postSolution
		{5082D21B-D345-4909-B9F9-CE9CA5533550}.Debug|Any CPU.ActiveCfg = Debug|Any CPU
		{5082D21B-D345-4909-B9F9-CE9CA5533550}.Debug|Any CPU.Build.0 = Debug|Any CPU
		{5082D21B-D345-4909-B9F9-CE9CA5533550}.Release|Any CPU.ActiveCfg = Release|Any CPU
		{5082D21B-D345-4909-B9F9-CE9CA5533550}.Release|Any CPU.Build.0 = Release|Any CPU
		{29DEBD93-856C-4AFE-AE91-E0D5528563FA}.Debug|Any CPU.ActiveCfg = Debug|Any CPU
		{29DEBD93-856C-4AFE-AE91-E0D5528563FA}.Debug|Any CPU.Build.0 = Debug|Any CPU
		{29DEBD93-856C-4AFE-AE91-E0D5528563FA}.Release|Any CPU.ActiveCfg = Release|Any CPU
		{29DEBD93-856C-4AFE-AE91-E0D5528563FA}.Release|Any CPU.Build.0 = Release|Any CPU
		{59B53AEC-888E-4D58-AEC0-4A115CF30183}.Debug|Any CPU.ActiveCfg = Debug|Any CPU
		{59B53AEC-888E-4D58-AEC0-4A115CF30183}.Debug|Any CPU.Build.0 = Debug|Any CPU
		{59B53AEC-888E-4D58-AEC0-4A115CF30183}.Release|Any CPU.ActiveCfg = Release|Any CPU
		{59B53AEC-888E-4D58-AEC0-4A115CF30183}.Release|Any CPU.Build.0 = Release|Any CPU
	EndGlobalSection
	GlobalSection(SolutionProperties) = preSolution
		HideSolutionNode = FALSE
	EndGlobalSection
	GlobalSection(ExtensibilityGlobals) = postSolution
		SolutionGuid = {7A9942AF-646B-411E-9281-F9413048E869}
	EndGlobalSection
EndGlobal
